
Microsoft Visual Studio Solution File, Format Version 12.00
# Visual Studio Version 16
VisualStudioVersion = 16.0.30611.23
MinimumVisualStudioVersion = 10.0.40219.1
Project("{FAE04EC0-301F-11D3-BF4B-00C04F79EFBC}") = "LineComparisionUsingOOPS", "LineComparisionUsingOOPS.csproj", "{B27C779D-0FB1-4F36-A354-46564667FDB4}"
EndProject
Global
	GlobalSection(SolutionConfigurationPlatforms) = preSolution
		Debug|Any CPU = Debug|Any CPU
		Release|Any CPU = Release|Any CPU
	EndGlobalSection
	GlobalSection(ProjectConfigurationPlatforms) = postSolution
		{B27C779D-0FB1-4F36-A354-46564667FDB4}.Debug|Any CPU.ActiveCfg = Debug|Any CPU
		{B27C779D-0FB1-4F36-A354-46564667FDB4}.Debug|Any CPU.Build.0 = Debug|Any CPU
		{B27C779D-0FB1-4F36-A354-46564667FDB4}.Release|Any CPU.ActiveCfg = Release|Any CPU
		{B27C779D-0FB1-4F36-A354-46564667FDB4}.Release|Any CPU.Build.0 = Release|Any CPU
	EndGlobalSection
	GlobalSection(SolutionProperties) = preSolution
		HideSolutionNode = FALSE
	EndGlobalSection
	GlobalSection(ExtensibilityGlobals) = postSolution
		SolutionGuid = {15100F57-E017-4289-9B63-1E0ED7CE4D54}
	EndGlobalSection
EndGlobal
